// !$*UTF8*$!
{
	archiveVersion = 1;
	classes = {
	};
	objectVersion = 46;
	objects = {

/* Begin PBXBuildFile section */
		7B6ADFF21B99D09300FA0335 /* main.m in Sources */ = {isa = PBXBuildFile; fileRef = 7B6ADFF11B99D09300FA0335 /* main.m */; };
		7B6ADFF51B99D09300FA0335 /* AppDelegate.m in Sources */ = {isa = PBXBuildFile; fileRef = 7B6ADFF41B99D09300FA0335 /* AppDelegate.m */; };
		7B6ADFF81B99D09300FA0335 /* ViewController.m in Sources */ = {isa = PBXBuildFile; fileRef = 7B6ADFF71B99D09300FA0335 /* ViewController.m */; };
		7B6ADFFB1B99D09300FA0335 /* Main.storyboard in Resources */ = {isa = PBXBuildFile; fileRef = 7B6ADFF91B99D09300FA0335 /* Main.storyboard */; };
		7B6ADFFD1B99D09300FA0335 /* Images.xcassets in Resources */ = {isa = PBXBuildFile; fileRef = 7B6ADFFC1B99D09300FA0335 /* Images.xcassets */; };
		7B6AE0001B99D09300FA0335 /* LaunchScreen.xib in Resources */ = {isa = PBXBuildFile; fileRef = 7B6ADFFE1B99D09300FA0335 /* LaunchScreen.xib */; };
		7B6AE00C1B99D09300FA0335 /* DigViewerRemotePrototypeTests.m in Sources */ = {isa = PBXBuildFile; fileRef = 7B6AE00B1B99D09300FA0335 /* DigViewerRemotePrototypeTests.m */; };
		7B6AE0161B99D16000FA0335 /* MapKit.framework in Frameworks */ = {isa = PBXBuildFile; fileRef = 7B6AE0151B99D16000FA0335 /* MapKit.framework */; };
		7B6AE02C1B9B1DFC00FA0335 /* DVRemoteClient.m in Sources */ = {isa = PBXBuildFile; fileRef = 7B6AE0251B9B1DFC00FA0335 /* DVRemoteClient.m */; };
		7B6AE02D1B9B1DFC00FA0335 /* DVRemoteProtcol.m in Sources */ = {isa = PBXBuildFile; fileRef = 7B6AE0271B9B1DFC00FA0335 /* DVRemoteProtcol.m */; };
		7B6AE02F1B9B1DFC00FA0335 /* DVRemoteSession.m in Sources */ = {isa = PBXBuildFile; fileRef = 7B6AE02B1B9B1DFC00FA0335 /* DVRemoteSession.m */; };
/* End PBXBuildFile section */

/* Begin PBXContainerItemProxy section */
		7B6AE0061B99D09300FA0335 /* PBXContainerItemProxy */ = {
			isa = PBXContainerItemProxy;
			containerPortal = 7B6ADFE41B99D09300FA0335 /* Project object */;
			proxyType = 1;
			remoteGlobalIDString = 7B6ADFEB1B99D09300FA0335;
			remoteInfo = DigViewerRemotePrototype;
		};
/* End PBXContainerItemProxy section */

/* Begin PBXFileReference section */
		7B6ADFEC1B99D09300FA0335 /* DigViewerRemotePrototype.app */ = {isa = PBXFileReference; explicitFileType = wrapper.application; includeInIndex = 0; path = DigViewerRemotePrototype.app; sourceTree = BUILT_PRODUCTS_DIR; };
		7B6ADFF01B99D09300FA0335 /* Info.plist */ = {isa = PBXFileReference; lastKnownFileType = text.plist.xml; path = Info.plist; sourceTree = "<group>"; };
		7B6ADFF11B99D09300FA0335 /* main.m */ = {isa = PBXFileReference; lastKnownFileType = sourcecode.c.objc; path = main.m; sourceTree = "<group>"; };
		7B6ADFF31B99D09300FA0335 /* AppDelegate.h */ = {isa = PBXFileReference; lastKnownFileType = sourcecode.c.h; path = AppDelegate.h; sourceTree = "<group>"; };
		7B6ADFF41B99D09300FA0335 /* AppDelegate.m */ = {isa = PBXFileReference; lastKnownFileType = sourcecode.c.objc; path = AppDelegate.m; sourceTree = "<group>"; };
		7B6ADFF61B99D09300FA0335 /* ViewController.h */ = {isa = PBXFileReference; lastKnownFileType = sourcecode.c.h; path = ViewController.h; sourceTree = "<group>"; };
		7B6ADFF71B99D09300FA0335 /* ViewController.m */ = {isa = PBXFileReference; lastKnownFileType = sourcecode.c.objc; path = ViewController.m; sourceTree = "<group>"; };
		7B6ADFFA1B99D09300FA0335 /* Base */ = {isa = PBXFileReference; lastKnownFileType = file.storyboard; name = Base; path = Base.lproj/Main.storyboard; sourceTree = "<group>"; };
		7B6ADFFC1B99D09300FA0335 /* Images.xcassets */ = {isa = PBXFileReference; lastKnownFileType = folder.assetcatalog; path = Images.xcassets; sourceTree = "<group>"; };
		7B6ADFFF1B99D09300FA0335 /* Base */ = {isa = PBXFileReference; lastKnownFileType = file.xib; name = Base; path = Base.lproj/LaunchScreen.xib; sourceTree = "<group>"; };
		7B6AE0051B99D09300FA0335 /* DigViewerRemotePrototypeTests.xctest */ = {isa = PBXFileReference; explicitFileType = wrapper.cfbundle; includeInIndex = 0; path = DigViewerRemotePrototypeTests.xctest; sourceTree = BUILT_PRODUCTS_DIR; };
		7B6AE00A1B99D09300FA0335 /* Info.plist */ = {isa = PBXFileReference; lastKnownFileType = text.plist.xml; path = Info.plist; sourceTree = "<group>"; };
		7B6AE00B1B99D09300FA0335 /* DigViewerRemotePrototypeTests.m */ = {isa = PBXFileReference; lastKnownFileType = sourcecode.c.objc; path = DigViewerRemotePrototypeTests.m; sourceTree = "<group>"; };
		7B6AE0151B99D16000FA0335 /* MapKit.framework */ = {isa = PBXFileReference; lastKnownFileType = wrapper.framework; name = MapKit.framework; path = System/Library/Frameworks/MapKit.framework; sourceTree = SDKROOT; };
		7B6AE0241B9B1DFC00FA0335 /* DVRemoteClient.h */ = {isa = PBXFileReference; fileEncoding = 4; lastKnownFileType = sourcecode.c.h; path = DVRemoteClient.h; sourceTree = "<group>"; };
		7B6AE0251B9B1DFC00FA0335 /* DVRemoteClient.m */ = {isa = PBXFileReference; fileEncoding = 4; lastKnownFileType = sourcecode.c.objc; path = DVRemoteClient.m; sourceTree = "<group>"; };
		7B6AE0261B9B1DFC00FA0335 /* DVRemoteProtcol.h */ = {isa = PBXFileReference; fileEncoding = 4; lastKnownFileType = sourcecode.c.h; path = DVRemoteProtcol.h; sourceTree = "<group>"; };
		7B6AE0271B9B1DFC00FA0335 /* DVRemoteProtcol.m */ = {isa = PBXFileReference; fileEncoding = 4; lastKnownFileType = sourcecode.c.objc; path = DVRemoteProtcol.m; sourceTree = "<group>"; };
		7B6AE02A1B9B1DFC00FA0335 /* DVRemoteSession.h */ = {isa = PBXFileReference; fileEncoding = 4; lastKnownFileType = sourcecode.c.h; path = DVRemoteSession.h; sourceTree = "<group>"; };
		7B6AE02B1B9B1DFC00FA0335 /* DVRemoteSession.m */ = {isa = PBXFileReference; fileEncoding = 4; lastKnownFileType = sourcecode.c.objc; path = DVRemoteSession.m; sourceTree = "<group>"; };
/* End PBXFileReference section */

/* Begin PBXFrameworksBuildPhase section */
		7B6ADFE91B99D09300FA0335 /* Frameworks */ = {
			isa = PBXFrameworksBuildPhase;
			buildActionMask = 2147483647;
			files = (
				7B6AE0161B99D16000FA0335 /* MapKit.framework in Frameworks */,
			);
			runOnlyForDeploymentPostprocessing = 0;
		};
		7B6AE0021B99D09300FA0335 /* Frameworks */ = {
			isa = PBXFrameworksBuildPhase;
			buildActionMask = 2147483647;
			files = (
			);
			runOnlyForDeploymentPostprocessing = 0;
		};
/* End PBXFrameworksBuildPhase section */

/* Begin PBXGroup section */
		7B6ADFE31B99D09300FA0335 = {
			isa = PBXGroup;
			children = (
				7B6AE0151B99D16000FA0335 /* MapKit.framework */,
				7B6ADFEE1B99D09300FA0335 /* DigViewerRemotePrototype */,
				7B6AE0081B99D09300FA0335 /* DigViewerRemotePrototypeTests */,
				7B6ADFED1B99D09300FA0335 /* Products */,
			);
			sourceTree = "<group>";
		};
		7B6ADFED1B99D09300FA0335 /* Products */ = {
			isa = PBXGroup;
			children = (
				7B6ADFEC1B99D09300FA0335 /* DigViewerRemotePrototype.app */,
				7B6AE0051B99D09300FA0335 /* DigViewerRemotePrototypeTests.xctest */,
			);
			name = Products;
			sourceTree = "<group>";
		};
		7B6ADFEE1B99D09300FA0335 /* DigViewerRemotePrototype */ = {
			isa = PBXGroup;
			children = (
				7B6AE0301B9B1E6900FA0335 /* DV Remote Protcol */,
				7B6ADFF31B99D09300FA0335 /* AppDelegate.h */,
				7B6ADFF41B99D09300FA0335 /* AppDelegate.m */,
				7B6ADFF61B99D09300FA0335 /* ViewController.h */,
				7B6ADFF71B99D09300FA0335 /* ViewController.m */,
				7B6ADFF91B99D09300FA0335 /* Main.storyboard */,
				7B6ADFFC1B99D09300FA0335 /* Images.xcassets */,
				7B6ADFFE1B99D09300FA0335 /* LaunchScreen.xib */,
				7B6ADFEF1B99D09300FA0335 /* Supporting Files */,
			);
			path = DigViewerRemotePrototype;
			sourceTree = "<group>";
		};
		7B6ADFEF1B99D09300FA0335 /* Supporting Files */ = {
			isa = PBXGroup;
			children = (
				7B6ADFF01B99D09300FA0335 /* Info.plist */,
				7B6ADFF11B99D09300FA0335 /* main.m */,
			);
			name = "Supporting Files";
			sourceTree = "<group>";
		};
		7B6AE0081B99D09300FA0335 /* DigViewerRemotePrototypeTests */ = {
			isa = PBXGroup;
			children = (
				7B6AE00B1B99D09300FA0335 /* DigViewerRemotePrototypeTests.m */,
				7B6AE0091B99D09300FA0335 /* Supporting Files */,
			);
			path = DigViewerRemotePrototypeTests;
			sourceTree = "<group>";
		};
		7B6AE0091B99D09300FA0335 /* Supporting Files */ = {
			isa = PBXGroup;
			children = (
				7B6AE00A1B99D09300FA0335 /* Info.plist */,
			);
			name = "Supporting Files";
			sourceTree = "<group>";
		};
		7B6AE0301B9B1E6900FA0335 /* DV Remote Protcol */ = {
			isa = PBXGroup;
			children = (
				7B6AE0261B9B1DFC00FA0335 /* DVRemoteProtcol.h */,
				7B6AE0271B9B1DFC00FA0335 /* DVRemoteProtcol.m */,
				7B6AE0241B9B1DFC00FA0335 /* DVRemoteClient.h */,
				7B6AE0251B9B1DFC00FA0335 /* DVRemoteClient.m */,
				7B6AE02A1B9B1DFC00FA0335 /* DVRemoteSession.h */,
				7B6AE02B1B9B1DFC00FA0335 /* DVRemoteSession.m */,
			);
			name = "DV Remote Protcol";
			sourceTree = "<group>";
		};
/* End PBXGroup section */

/* Begin PBXNativeTarget section */
		7B6ADFEB1B99D09300FA0335 /* DigViewerRemotePrototype */ = {
			isa = PBXNativeTarget;
			buildConfigurationList = 7B6AE00F1B99D09300FA0335 /* Build configuration list for PBXNativeTarget "DigViewerRemotePrototype" */;
			buildPhases = (
				7B6ADFE81B99D09300FA0335 /* Sources */,
				7B6ADFE91B99D09300FA0335 /* Frameworks */,
				7B6ADFEA1B99D09300FA0335 /* Resources */,
			);
			buildRules = (
			);
			dependencies = (
			);
			name = DigViewerRemotePrototype;
			productName = DigViewerRemotePrototype;
			productReference = 7B6ADFEC1B99D09300FA0335 /* DigViewerRemotePrototype.app */;
			productType = "com.apple.product-type.application";
		};
		7B6AE0041B99D09300FA0335 /* DigViewerRemotePrototypeTests */ = {
			isa = PBXNativeTarget;
			buildConfigurationList = 7B6AE0121B99D09300FA0335 /* Build configuration list for PBXNativeTarget "DigViewerRemotePrototypeTests" */;
			buildPhases = (
				7B6AE0011B99D09300FA0335 /* Sources */,
				7B6AE0021B99D09300FA0335 /* Frameworks */,
				7B6AE0031B99D09300FA0335 /* Resources */,
			);
			buildRules = (
			);
			dependencies = (
				7B6AE0071B99D09300FA0335 /* PBXTargetDependency */,
			);
			name = DigViewerRemotePrototypeTests;
			productName = DigViewerRemotePrototypeTests;
			productReference = 7B6AE0051B99D09300FA0335 /* DigViewerRemotePrototypeTests.xctest */;
			productType = "com.apple.product-type.bundle.unit-test";
		};
/* End PBXNativeTarget section */

/* Begin PBXProject section */
		7B6ADFE41B99D09300FA0335 /* Project object */ = {
			isa = PBXProject;
			attributes = {
				LastUpgradeCheck = 0640;
				ORGANIZATIONNAME = opiopan;
				TargetAttributes = {
					7B6ADFEB1B99D09300FA0335 = {
						CreatedOnToolsVersion = 6.4;
					};
					7B6AE0041B99D09300FA0335 = {
						CreatedOnToolsVersion = 6.4;
						TestTargetID = 7B6ADFEB1B99D09300FA0335;
					};
				};
			};
			buildConfigurationList = 7B6ADFE71B99D09300FA0335 /* Build configuration list for PBXProject "DigViewerRemotePrototype" */;
			compatibilityVersion = "Xcode 3.2";
			developmentRegion = English;
			hasScannedForEncodings = 0;
			knownRegions = (
				en,
				Base,
			);
			mainGroup = 7B6ADFE31B99D09300FA0335;
			productRefGroup = 7B6ADFED1B99D09300FA0335 /* Products */;
			projectDirPath = "";
			projectRoot = "";
			targets = (
				7B6ADFEB1B99D09300FA0335 /* DigViewerRemotePrototype */,
				7B6AE0041B99D09300FA0335 /* DigViewerRemotePrototypeTests */,
			);
		};
/* End PBXProject section */

/* Begin PBXResourcesBuildPhase section */
		7B6ADFEA1B99D09300FA0335 /* Resources */ = {
			isa = PBXResourcesBuildPhase;
			buildActionMask = 2147483647;
			files = (
				7B6ADFFB1B99D09300FA0335 /* Main.storyboard in Resources */,
				7B6AE0001B99D09300FA0335 /* LaunchScreen.xib in Resources */,
				7B6ADFFD1B99D09300FA0335 /* Images.xcassets in Resources */,
			);
			runOnlyForDeploymentPostprocessing = 0;
		};
		7B6AE0031B99D09300FA0335 /* Resources */ = {
			isa = PBXResourcesBuildPhase;
			buildActionMask = 2147483647;
			files = (
			);
			runOnlyForDeploymentPostprocessing = 0;
		};
/* End PBXResourcesBuildPhase section */

/* Begin PBXSourcesBuildPhase section */
		7B6ADFE81B99D09300FA0335 /* Sources */ = {
			isa = PBXSourcesBuildPhase;
			buildActionMask = 2147483647;
			files = (
				7B6AE02C1B9B1DFC00FA0335 /* DVRemoteClient.m in Sources */,
				7B6ADFF81B99D09300FA0335 /* ViewController.m in Sources */,
				7B6ADFF51B99D09300FA0335 /* AppDelegate.m in Sources */,
				7B6AE02F1B9B1DFC00FA0335 /* DVRemoteSession.m in Sources */,
				7B6ADFF21B99D09300FA0335 /* main.m in Sources */,
				7B6AE02D1B9B1DFC00FA0335 /* DVRemoteProtcol.m in Sources */,
			);
			runOnlyForDeploymentPostprocessing = 0;
		};
		7B6AE0011B99D09300FA0335 /* Sources */ = {
			isa = PBXSourcesBuildPhase;
			buildActionMask = 2147483647;
			files = (
				7B6AE00C1B99D09300FA0335 /* DigViewerRemotePrototypeTests.m in Sources */,
			);
			runOnlyForDeploymentPostprocessing = 0;
		};
/* End PBXSourcesBuildPhase section */

/* Begin PBXTargetDependency section */
		7B6AE0071B99D09300FA0335 /* PBXTargetDependency */ = {
			isa = PBXTargetDependency;
			target = 7B6ADFEB1B99D09300FA0335 /* DigViewerRemotePrototype */;
			targetProxy = 7B6AE0061B99D09300FA0335 /* PBXContainerItemProxy */;
		};
/* End PBXTargetDependency section */

/* Begin PBXVariantGroup section */
		7B6ADFF91B99D09300FA0335 /* Main.storyboard */ = {
			isa = PBXVariantGroup;
			children = (
				7B6ADFFA1B99D09300FA0335 /* Base */,
			);
			name = Main.storyboard;
			sourceTree = "<group>";
		};
		7B6ADFFE1B99D09300FA0335 /* LaunchScreen.xib */ = {
			isa = PBXVariantGroup;
			children = (
				7B6ADFFF1B99D09300FA0335 /* Base */,
			);
			name = LaunchScreen.xib;
			sourceTree = "<group>";
		};
/* End PBXVariantGroup section */

/* Begin XCBuildConfiguration section */
		7B6AE00D1B99D09300FA0335 /* Debug */ = {
			isa = XCBuildConfiguration;
			buildSettings = {
				ALWAYS_SEARCH_USER_PATHS = NO;
				CLANG_CXX_LANGUAGE_STANDARD = "gnu++0x";
				CLANG_CXX_LIBRARY = "libc++";
				CLANG_ENABLE_MODULES = YES;
				CLANG_ENABLE_OBJC_ARC = YES;
				CLANG_WARN_BOOL_CONVERSION = YES;
				CLANG_WARN_CONSTANT_CONVERSION = YES;
				CLANG_WARN_DIRECT_OBJC_ISA_USAGE = YES_ERROR;
				CLANG_WARN_EMPTY_BODY = YES;
				CLANG_WARN_ENUM_CONVERSION = YES;
				CLANG_WARN_INT_CONVERSION = YES;
				CLANG_WARN_OBJC_ROOT_CLASS = YES_ERROR;
				CLANG_WARN_UNREACHABLE_CODE = YES;
				CLANG_WARN__DUPLICATE_METHOD_MATCH = YES;
				"CODE_SIGN_IDENTITY[sdk=iphoneos*]" = "iPhone Developer";
				COPY_PHASE_STRIP = NO;
				DEBUG_INFORMATION_FORMAT = "dwarf-with-dsym";
				ENABLE_STRICT_OBJC_MSGSEND = YES;
				GCC_C_LANGUAGE_STANDARD = gnu99;
				GCC_DYNAMIC_NO_PIC = NO;
				GCC_NO_COMMON_BLOCKS = YES;
				GCC_OPTIMIZATION_LEVEL = 0;
				GCC_PREPROCESSOR_DEFINITIONS = (
					"DEBUG=1",
					"$(inherited)",
				);
				GCC_SYMBOLS_PRIVATE_EXTERN = NO;
				GCC_WARN_64_TO_32_BIT_CONVERSION = YES;
				GCC_WARN_ABOUT_RETURN_TYPE = YES_ERROR;
				GCC_WARN_UNDECLARED_SELECTOR = YES;
				GCC_WARN_UNINITIALIZED_AUTOS = YES_AGGRESSIVE;
				GCC_WARN_UNUSED_FUNCTION = YES;
				GCC_WARN_UNUSED_VARIABLE = YES;
				IPHONEOS_DEPLOYMENT_TARGET = 8.4;
				MTL_ENABLE_DEBUG_INFO = YES;
				ONLY_ACTIVE_ARCH = YES;
				SDKROOT = iphoneos;
				TARGETED_DEVICE_FAMILY = "1,2";
			};
			name = Debug;
		};
		7B6AE00E1B99D09300FA0335 /* Release */ = {
			isa = XCBuildConfiguration;
			buildSettings = {
				ALWAYS_SEARCH_USER_PATHS = NO;
				CLANG_CXX_LANGUAGE_STANDARD = "gnu++0x";
				CLANG_CXX_LIBRARY = "libc++";
				CLANG_ENABLE_MODULES = YES;
				CLANG_ENABLE_OBJC_ARC = YES;
				CLANG_WARN_BOOL_CONVERSION = YES;
				CLANG_WARN_CONSTANT_CONVERSION = YES;
				CLANG_WARN_DIRECT_OBJC_ISA_USAGE = YES_ERROR;
				CLANG_WARN_EMPTY_BODY = YES;
				CLANG_WARN_ENUM_CONVERSION = YES;
				CLANG_WARN_INT_CONVERSION = YES;
				CLANG_WARN_OBJC_ROOT_CLASS = YES_ERROR;
				CLANG_WARN_UNREACHABLE_CODE = YES;
				CLANG_WARN__DUPLICATE_METHOD_MATCH = YES;
				"CODE_SIGN_IDENTITY[sdk=iphoneos*]" = "iPhone Developer";
				COPY_PHASE_STRIP = NO;
				DEBUG_INFORMATION_FORMAT = "dwarf-with-dsym";
				ENABLE_NS_ASSERTIONS = NO;
				ENABLE_STRICT_OBJC_MSGSEND = YES;
				GCC_C_LANGUAGE_STANDARD = gnu99;
				GCC_NO_COMMON_BLOCKS = YES;
				GCC_WARN_64_TO_32_BIT_CONVERSION = YES;
				GCC_WARN_ABOUT_RETURN_TYPE = YES_ERROR;
				GCC_WARN_UNDECLARED_SELECTOR = YES;
				GCC_WARN_UNINITIALIZED_AUTOS = YES_AGGRESSIVE;
				GCC_WARN_UNUSED_FUNCTION = YES;
				GCC_WARN_UNUSED_VARIABLE = YES;
				IPHONEOS_DEPLOYMENT_TARGET = 8.4;
				MTL_ENABLE_DEBUG_INFO = NO;
				SDKROOT = iphoneos;
				TARGETED_DEVICE_FAMILY = "1,2";
				VALIDATE_PRODUCT = YES;
			};
			name = Release;
		};
		7B6AE0101B99D09300FA0335 /* Debug */ = {
			isa = XCBuildConfiguration;
			buildSettings = {
				ASSETCATALOG_COMPILER_APPICON_NAME = AppIcon;
				INFOPLIST_FILE = DigViewerRemotePrototype/Info.plist;
				LD_RUNPATH_SEARCH_PATHS = "$(inherited) @executable_path/Frameworks";
				PRODUCT_NAME = "$(TARGET_NAME)";
			};
			name = Debug;
		};
		7B6AE0111B99D09300FA0335 /* Release */ = {
			isa = XCBuildConfiguration;
			buildSettings = {
				ASSETCATALOG_COMPILER_APPICON_NAME = AppIcon;
				INFOPLIST_FILE = DigViewerRemotePrototype/Info.plist;
				LD_RUNPATH_SEARCH_PATHS = "$(inherited) @executable_path/Frameworks";
				PRODUCT_NAME = "$(TARGET_NAME)";
			};
			name = Release;
		};
		7B6AE0131B99D09300FA0335 /* Debug */ = {
			isa = XCBuildConfiguration;
			buildSettings = {
				BUNDLE_LOADER = "$(TEST_HOST)";
				FRAMEWORK_SEARCH_PATHS = (
					"$(SDKROOT)/Developer/Library/Frameworks",
					"$(inherited)",
				);
				GCC_PREPROCESSOR_DEFINITIONS = (
					"DEBUG=1",
					"$(inherited)",
				);
				INFOPLIST_FILE = DigViewerRemotePrototypeTests/Info.plist;
				LD_RUNPATH_SEARCH_PATHS = "$(inherited) @executable_path/Frameworks @loader_path/Frameworks";
				PRODUCT_NAME = "$(TARGET_NAME)";
				TEST_HOST = "$(BUILT_PRODUCTS_DIR)/DigViewerRemotePrototype.app/DigViewerRemotePrototype";
			};
			name = Debug;
		};
		7B6AE0141B99D09300FA0335 /* Release */ = {
			isa = XCBuildConfiguration;
			buildSettings = {
				BUNDLE_LOADER = "$(TEST_HOST)";
				FRAMEWORK_SEARCH_PATHS = (
					"$(SDKROOT)/Developer/Library/Frameworks",
					"$(inherited)",
				);
				INFOPLIST_FILE = DigViewerRemotePrototypeTests/Info.plist;
				LD_RUNPATH_SEARCH_PATHS = "$(inherited) @executable_path/Frameworks @loader_path/Frameworks";
				PRODUCT_NAME = "$(TARGET_NAME)";
				TEST_HOST = "$(BUILT_PRODUCTS_DIR)/DigViewerRemotePrototype.app/DigViewerRemotePrototype";
			};
			name = Release;
		};
/* End XCBuildConfiguration section */

/* Begin XCConfigurationList section */
		7B6ADFE71B99D09300FA0335 /* Build configuration list for PBXProject "DigViewerRemotePrototype" */ = {
			isa = XCConfigurationList;
			buildConfigurations = (
				7B6AE00D1B99D09300FA0335 /* Debug */,
				7B6AE00E1B99D09300FA0335 /* Release */,
			);
			defaultConfigurationIsVisible = 0;
			defaultConfigurationName = Release;
		};
		7B6AE00F1B99D09300FA0335 /* Build configuration list for PBXNativeTarget "DigViewerRemotePrototype" */ = {
			isa = XCConfigurationList;
			buildConfigurations = (
				7B6AE0101B99D09300FA0335 /* Debug */,
				7B6AE0111B99D09300FA0335 /* Release */,
			);
			defaultConfigurationIsVisible = 0;
			defaultConfigurationName = Release;
		};
		7B6AE0121B99D09300FA0335 /* Build configuration list for PBXNativeTarget "DigViewerRemotePrototypeTests" */ = {
			isa = XCConfigurationList;
			buildConfigurations = (
				7B6AE0131B99D09300FA0335 /* Debug */,
				7B6AE0141B99D09300FA0335 /* Release */,
			);
			defaultConfigurationIsVisible = 0;
			defaultConfigurationName = Release;
		};
/* End XCConfigurationList section */
	};
	rootObject = 7B6ADFE41B99D09300FA0335 /* Project object */;
}
